
Microsoft Visual Studio Solution File, Format Version 12.00
# Visual Studio Version 17
VisualStudioVersion = 17.6.33829.357
MinimumVisualStudioVersion = 10.0.40219.1
Project("{9A19103F-16F7-4668-BE54-9A1E7A4F7556}") = "TableMaintenance", "TableMaintenance\TableMaintenance.csproj", "{42017224-8F96-48EE-863D-5B56AA8469E0}"
EndProject
Project("{2150E333-8FDC-42A3-9474-1A3956D46DE8}") = "1.APILayer", "1.APILayer", "{9B2A473C-08E5-49A3-8B44-7A34F88044FD}"
EndProject
Project("{2150E333-8FDC-42A3-9474-1A3956D46DE8}") = "2.ApplicationLayer", "2.ApplicationLayer", "{A0476C0D-A552-4990-8324-ADCA446A0EE3}"
EndProject
Project("{2150E333-8FDC-42A3-9474-1A3956D46DE8}") = "3.ModelLayer", "3.ModelLayer", "{4C95C2B3-662F-4287-AF12-7563B0A8A2A3}"
EndProject
Project("{2150E333-8FDC-42A3-9474-1A3956D46DE8}") = "4.ServiceLayer", "4.ServiceLayer", "{2F440AC0-2FA8-4491-AAAB-037AB32AE55A}"
EndProject
Project("{2150E333-8FDC-42A3-9474-1A3956D46DE8}") = "Model", "Model", "{C888D5F5-F7B5-49A6-8BF3-7C891076564B}"
EndProject
Project("{2150E333-8FDC-42A3-9474-1A3956D46DE8}") = "DTO", "DTO", "{EAC78A75-88F2-4F4A-A4C8-8F4C9BFD3D70}"
EndProject
Project("{9A19103F-16F7-4668-BE54-9A1E7A4F7556}") = "AOTableModel", "AOTable\AOTableModel.csproj", "{CBFA5198-5F23-4E8D-B494-0926DF2E5E1F}"
EndProject
Project("{9A19103F-16F7-4668-BE54-9A1E7A4F7556}") = "AOTableDTOModel", "AOTableDTO\AOTableDTOModel.csproj", "{E9CA25B8-3DB7-4627-B025-62D413E6C769}"
EndProject
Project("{9A19103F-16F7-4668-BE54-9A1E7A4F7556}") = "AOTableInterface", "AOTableInterface\AOTableInterface.csproj", "{560702DA-6205-462E-81D6-3F07548C7181}"
EndProject
Project("{9A19103F-16F7-4668-BE54-9A1E7A4F7556}") = "TableDbContext", "ApplicationDbContext\TableDbContext.csproj", "{A42DEC79-62D7-4CF9-87FB-1606756B2BDD}"
EndProject
Project("{2150E333-8FDC-42A3-9474-1A3956D46DE8}") = "5.Test", "5.Test", "{E02078C3-B4BD-416D-8AA6-146F9BBE0620}"
EndProject
Project("{FAE04EC0-301F-11D3-BF4B-00C04F79EFBC}") = "Mapper", "Mapper\Mapper.csproj", "{BA795087-D70C-4A27-A05B-4167CB8B66A7}"
EndProject
Global
	GlobalSection(SolutionConfigurationPlatforms) = preSolution
		Debug|Any CPU = Debug|Any CPU
		Release|Any CPU = Release|Any CPU
	EndGlobalSection
	GlobalSection(ProjectConfigurationPlatforms) = postSolution
		{42017224-8F96-48EE-863D-5B56AA8469E0}.Debug|Any CPU.ActiveCfg = Debug|Any CPU
		{42017224-8F96-48EE-863D-5B56AA8469E0}.Debug|Any CPU.Build.0 = Debug|Any CPU
		{42017224-8F96-48EE-863D-5B56AA8469E0}.Release|Any CPU.ActiveCfg = Release|Any CPU
		{42017224-8F96-48EE-863D-5B56AA8469E0}.Release|Any CPU.Build.0 = Release|Any CPU
		{CBFA5198-5F23-4E8D-B494-0926DF2E5E1F}.Debug|Any CPU.ActiveCfg = Debug|Any CPU
		{CBFA5198-5F23-4E8D-B494-0926DF2E5E1F}.Debug|Any CPU.Build.0 = Debug|Any CPU
		{CBFA5198-5F23-4E8D-B494-0926DF2E5E1F}.Release|Any CPU.ActiveCfg = Release|Any CPU
		{CBFA5198-5F23-4E8D-B494-0926DF2E5E1F}.Release|Any CPU.Build.0 = Release|Any CPU
		{E9CA25B8-3DB7-4627-B025-62D413E6C769}.Debug|Any CPU.ActiveCfg = Debug|Any CPU
		{E9CA25B8-3DB7-4627-B025-62D413E6C769}.Debug|Any CPU.Build.0 = Debug|Any CPU
		{E9CA25B8-3DB7-4627-B025-62D413E6C769}.Release|Any CPU.ActiveCfg = Release|Any CPU
		{E9CA25B8-3DB7-4627-B025-62D413E6C769}.Release|Any CPU.Build.0 = Release|Any CPU
		{560702DA-6205-462E-81D6-3F07548C7181}.Debug|Any CPU.ActiveCfg = Debug|Any CPU
		{560702DA-6205-462E-81D6-3F07548C7181}.Debug|Any CPU.Build.0 = Debug|Any CPU
		{560702DA-6205-462E-81D6-3F07548C7181}.Release|Any CPU.ActiveCfg = Release|Any CPU
		{560702DA-6205-462E-81D6-3F07548C7181}.Release|Any CPU.Build.0 = Release|Any CPU
		{A42DEC79-62D7-4CF9-87FB-1606756B2BDD}.Debug|Any CPU.ActiveCfg = Debug|Any CPU
		{A42DEC79-62D7-4CF9-87FB-1606756B2BDD}.Debug|Any CPU.Build.0 = Debug|Any CPU
		{A42DEC79-62D7-4CF9-87FB-1606756B2BDD}.Release|Any CPU.ActiveCfg = Release|Any CPU
		{A42DEC79-62D7-4CF9-87FB-1606756B2BDD}.Release|Any CPU.Build.0 = Release|Any CPU
		{BA795087-D70C-4A27-A05B-4167CB8B66A7}.Debug|Any CPU.ActiveCfg = Debug|Any CPU
		{BA795087-D70C-4A27-A05B-4167CB8B66A7}.Debug|Any CPU.Build.0 = Debug|Any CPU
		{BA795087-D70C-4A27-A05B-4167CB8B66A7}.Release|Any CPU.ActiveCfg = Release|Any CPU
		{BA795087-D70C-4A27-A05B-4167CB8B66A7}.Release|Any CPU.Build.0 = Release|Any CPU
	EndGlobalSection
	GlobalSection(SolutionProperties) = preSolution
		HideSolutionNode = FALSE
	EndGlobalSection
	GlobalSection(NestedProjects) = preSolution
		{42017224-8F96-48EE-863D-5B56AA8469E0} = {9B2A473C-08E5-49A3-8B44-7A34F88044FD}
		{C888D5F5-F7B5-49A6-8BF3-7C891076564B} = {4C95C2B3-662F-4287-AF12-7563B0A8A2A3}
		{EAC78A75-88F2-4F4A-A4C8-8F4C9BFD3D70} = {4C95C2B3-662F-4287-AF12-7563B0A8A2A3}
		{CBFA5198-5F23-4E8D-B494-0926DF2E5E1F} = {C888D5F5-F7B5-49A6-8BF3-7C891076564B}
		{E9CA25B8-3DB7-4627-B025-62D413E6C769} = {EAC78A75-88F2-4F4A-A4C8-8F4C9BFD3D70}
		{560702DA-6205-462E-81D6-3F07548C7181} = {A0476C0D-A552-4990-8324-ADCA446A0EE3}
		{A42DEC79-62D7-4CF9-87FB-1606756B2BDD} = {2F440AC0-2FA8-4491-AAAB-037AB32AE55A}
		{BA795087-D70C-4A27-A05B-4167CB8B66A7} = {C888D5F5-F7B5-49A6-8BF3-7C891076564B}
	EndGlobalSection
	GlobalSection(ExtensibilityGlobals) = postSolution
		SolutionGuid = {BE7ECC13-6B70-4900-9C6E-4B2560D1D0C2}
	EndGlobalSection
EndGlobal
